
Microsoft Visual Studio Solution File, Format Version 12.00
# Visual Studio Version 16
VisualStudioVersion = 16.0.29709.97
MinimumVisualStudioVersion = 10.0.40219.1
Project("{FAE04EC0-301F-11D3-BF4B-00C04F79EFBC}") = "DemoCourseBot", "DemoCourseBot\DemoCourseBot.csproj", "{BBCDC7CA-1724-47DB-8090-28DAAF6C6917}"
EndProject
Global
	GlobalSection(SolutionConfigurationPlatforms) = preSolution
		Debug|Any CPU = Debug|Any CPU
		Release|Any CPU = Release|Any CPU
	EndGlobalSection
	GlobalSection(ProjectConfigurationPlatforms) = postSolution
		{BBCDC7CA-1724-47DB-8090-28DAAF6C6917}.Debug|Any CPU.ActiveCfg = Debug|Any CPU
		{BBCDC7CA-1724-47DB-8090-28DAAF6C6917}.Debug|Any CPU.Build.0 = Debug|Any CPU
		{BBCDC7CA-1724-47DB-8090-28DAAF6C6917}.Release|Any CPU.ActiveCfg = Release|Any CPU
		{BBCDC7CA-1724-47DB-8090-28DAAF6C6917}.Release|Any CPU.Build.0 = Release|Any CPU
	EndGlobalSection
	GlobalSection(SolutionProperties) = preSolution
		HideSolutionNode = FALSE
	EndGlobalSection
	GlobalSection(ExtensibilityGlobals) = postSolution
		SolutionGuid = {49A87EC9-E47B-4A87-92B9-F73441513233}
	EndGlobalSection
EndGlobal
